
Microsoft Visual Studio Solution File, Format Version 12.00
# Visual Studio Version 17
VisualStudioVersion = 17.1.32421.90
MinimumVisualStudioVersion = 10.0.40219.1
Project("{FAE04EC0-301F-11D3-BF4B-00C04F79EFBC}") = "CapaPresentacionAdmin", "CapaPresentacionAdmin\CapaPresentacionAdmin.csproj", "{7E4B7D77-0ACD-44D7-83D3-A69EBD115682}"
EndProject
Project("{FAE04EC0-301F-11D3-BF4B-00C04F79EFBC}") = "CapaEntidad", "CapaEntidad\CapaEntidad.csproj", "{09A2E06A-B9F1-420B-8801-E33FF5535C50}"
EndProject
Project("{FAE04EC0-301F-11D3-BF4B-00C04F79EFBC}") = "CapaNegocio", "CapaNegocio\CapaNegocio.csproj", "{DAD47C49-6775-4CA1-BC5D-FDD2087BBF14}"
EndProject
Project("{FAE04EC0-301F-11D3-BF4B-00C04F79EFBC}") = "CapaDatos", "CapaDatos\CapaDatos.csproj", "{CD1D48CA-AE0D-4659-B838-F13A5BC8DA98}"
EndProject
Project("{FAE04EC0-301F-11D3-BF4B-00C04F79EFBC}") = "CapaPresentacionTienda", "CapaPresentacionTienda\CapaPresentacionTienda.csproj", "{604736E3-E0AC-4C62-ACFA-F6BBF8C3DD22}"
EndProject
Global
	GlobalSection(SolutionConfigurationPlatforms) = preSolution
		Debug|Any CPU = Debug|Any CPU
		Release|Any CPU = Release|Any CPU
	EndGlobalSection
	GlobalSection(ProjectConfigurationPlatforms) = postSolution
		{7E4B7D77-0ACD-44D7-83D3-A69EBD115682}.Debug|Any CPU.ActiveCfg = Debug|Any CPU
		{7E4B7D77-0ACD-44D7-83D3-A69EBD115682}.Debug|Any CPU.Build.0 = Debug|Any CPU
		{7E4B7D77-0ACD-44D7-83D3-A69EBD115682}.Release|Any CPU.ActiveCfg = Release|Any CPU
		{7E4B7D77-0ACD-44D7-83D3-A69EBD115682}.Release|Any CPU.Build.0 = Release|Any CPU
		{09A2E06A-B9F1-420B-8801-E33FF5535C50}.Debug|Any CPU.ActiveCfg = Debug|Any CPU
		{09A2E06A-B9F1-420B-8801-E33FF5535C50}.Debug|Any CPU.Build.0 = Debug|Any CPU
		{09A2E06A-B9F1-420B-8801-E33FF5535C50}.Release|Any CPU.ActiveCfg = Release|Any CPU
		{09A2E06A-B9F1-420B-8801-E33FF5535C50}.Release|Any CPU.Build.0 = Release|Any CPU
		{DAD47C49-6775-4CA1-BC5D-FDD2087BBF14}.Debug|Any CPU.ActiveCfg = Debug|Any CPU
		{DAD47C49-6775-4CA1-BC5D-FDD2087BBF14}.Debug|Any CPU.Build.0 = Debug|Any CPU
		{DAD47C49-6775-4CA1-BC5D-FDD2087BBF14}.Release|Any CPU.ActiveCfg = Release|Any CPU
		{DAD47C49-6775-4CA1-BC5D-FDD2087BBF14}.Release|Any CPU.Build.0 = Release|Any CPU
		{CD1D48CA-AE0D-4659-B838-F13A5BC8DA98}.Debug|Any CPU.ActiveCfg = Debug|Any CPU
		{CD1D48CA-AE0D-4659-B838-F13A5BC8DA98}.Debug|Any CPU.Build.0 = Debug|Any CPU
		{CD1D48CA-AE0D-4659-B838-F13A5BC8DA98}.Release|Any CPU.ActiveCfg = Release|Any CPU
		{CD1D48CA-AE0D-4659-B838-F13A5BC8DA98}.Release|Any CPU.Build.0 = Release|Any CPU
		{604736E3-E0AC-4C62-ACFA-F6BBF8C3DD22}.Debug|Any CPU.ActiveCfg = Debug|Any CPU
		{604736E3-E0AC-4C62-ACFA-F6BBF8C3DD22}.Debug|Any CPU.Build.0 = Debug|Any CPU
		{604736E3-E0AC-4C62-ACFA-F6BBF8C3DD22}.Release|Any CPU.ActiveCfg = Release|Any CPU
		{604736E3-E0AC-4C62-ACFA-F6BBF8C3DD22}.Release|Any CPU.Build.0 = Release|Any CPU
	EndGlobalSection
	GlobalSection(SolutionProperties) = preSolution
		HideSolutionNode = FALSE
	EndGlobalSection
	GlobalSection(ExtensibilityGlobals) = postSolution
		SolutionGuid = {C70EB1DC-AA27-4194-989C-11B6860DD9E3}
	EndGlobalSection
EndGlobal
